
Microsoft Visual Studio Solution File, Format Version 12.00
# Visual Studio Version 16
VisualStudioVersion = 16.0.30717.126
MinimumVisualStudioVersion = 10.0.40219.1
Project("{FAE04EC0-301F-11D3-BF4B-00C04F79EFBC}") = "UTS_PROJECT", "UTS_PROJECT\UTS_PROJECT.csproj", "{7B936F3C-BEBE-4025-92AE-DA18410B6BA4}"
EndProject
Project("{9A19103F-16F7-4668-BE54-9A1E7A4F7556}") = "Common", "Common\Common.csproj", "{C620B743-4A78-48C8-A511-EDED14CD85B0}"
EndProject
Global
	GlobalSection(SolutionConfigurationPlatforms) = preSolution
		Debug|Any CPU = Debug|Any CPU
		Release|Any CPU = Release|Any CPU
	EndGlobalSection
	GlobalSection(ProjectConfigurationPlatforms) = postSolution
		{7B936F3C-BEBE-4025-92AE-DA18410B6BA4}.Debug|Any CPU.ActiveCfg = Debug|Any CPU
		{7B936F3C-BEBE-4025-92AE-DA18410B6BA4}.Debug|Any CPU.Build.0 = Debug|Any CPU
		{7B936F3C-BEBE-4025-92AE-DA18410B6BA4}.Release|Any CPU.ActiveCfg = Release|Any CPU
		{7B936F3C-BEBE-4025-92AE-DA18410B6BA4}.Release|Any CPU.Build.0 = Release|Any CPU
		{C620B743-4A78-48C8-A511-EDED14CD85B0}.Debug|Any CPU.ActiveCfg = Debug|Any CPU
		{C620B743-4A78-48C8-A511-EDED14CD85B0}.Debug|Any CPU.Build.0 = Debug|Any CPU
		{C620B743-4A78-48C8-A511-EDED14CD85B0}.Release|Any CPU.ActiveCfg = Release|Any CPU
		{C620B743-4A78-48C8-A511-EDED14CD85B0}.Release|Any CPU.Build.0 = Release|Any CPU
	EndGlobalSection
	GlobalSection(SolutionProperties) = preSolution
		HideSolutionNode = FALSE
	EndGlobalSection
	GlobalSection(ExtensibilityGlobals) = postSolution
		SolutionGuid = {5BD2EC0C-3817-4F0F-B986-C6C530352740}
	EndGlobalSection
EndGlobal
